version: 5
environments:
  default:
    channels:
    - url: https://conda.anaconda.org/conda-forge/
    packages:
      linux-64:
      - conda: https://conda.anaconda.org/conda-forge/linux-64/_libgcc_mutex-0.1-conda_forge.tar.bz2
      - conda: https://conda.anaconda.org/conda-forge/linux-64/_openmp_mutex-4.5-2_gnu.tar.bz2
      - conda: https://conda.anaconda.org/conda-forge/linux-64/atk-1.0-2.38.0-h04ea711_2.conda
      - conda: https://conda.anaconda.org/conda-forge/linux-64/bzip2-1.0.8-h4bc722e_7.conda
      - conda: https://conda.anaconda.org/conda-forge/linux-64/cairo-1.18.0-hbb29018_2.conda
      - conda: https://conda.anaconda.org/conda-forge/linux-64/expat-2.6.2-h59595ed_0.conda
      - conda: https://conda.anaconda.org/conda-forge/noarch/font-ttf-dejavu-sans-mono-2.37-hab24e00_0.tar.bz2
      - conda: https://conda.anaconda.org/conda-forge/noarch/font-ttf-inconsolata-3.000-h77eed37_0.tar.bz2
      - conda: https://conda.anaconda.org/conda-forge/noarch/font-ttf-source-code-pro-2.038-h77eed37_0.tar.bz2
      - conda: https://conda.anaconda.org/conda-forge/noarch/font-ttf-ubuntu-0.83-h77eed37_2.conda
      - conda: https://conda.anaconda.org/conda-forge/linux-64/fontconfig-2.14.2-h14ed4e7_0.conda
      - conda: https://conda.anaconda.org/conda-forge/noarch/fonts-conda-ecosystem-1-0.tar.bz2
      - conda: https://conda.anaconda.org/conda-forge/noarch/fonts-conda-forge-1-0.tar.bz2
      - conda: https://conda.anaconda.org/conda-forge/linux-64/freetype-2.12.1-h267a509_2.conda
      - conda: https://conda.anaconda.org/conda-forge/linux-64/fribidi-1.0.10-h36c2ea0_0.tar.bz2
      - conda: https://conda.anaconda.org/conda-forge/linux-64/gdk-pixbuf-2.42.12-hb9ae30d_0.conda
      - conda: https://conda.anaconda.org/conda-forge/linux-64/giflib-5.2.2-hd590300_0.conda
      - conda: https://conda.anaconda.org/conda-forge/linux-64/graphite2-1.3.13-h59595ed_1003.conda
      - conda: https://conda.anaconda.org/conda-forge/linux-64/graphviz-11.0.0-hc68bbd7_0.conda
      - conda: https://conda.anaconda.org/conda-forge/linux-64/gtk2-2.24.33-h6470451_5.conda
      - conda: https://conda.anaconda.org/conda-forge/linux-64/gts-0.7.6-h977cf35_4.conda
      - conda: https://conda.anaconda.org/conda-forge/linux-64/harfbuzz-9.0.0-hfac3d4d_0.conda
      - conda: https://conda.anaconda.org/conda-forge/linux-64/icu-73.2-h59595ed_0.conda
      - conda: https://conda.anaconda.org/conda-forge/linux-64/lerc-4.0.0-h27087fc_0.tar.bz2
      - conda: https://conda.anaconda.org/conda-forge/linux-64/libdeflate-1.20-hd590300_0.conda
      - conda: https://conda.anaconda.org/conda-forge/linux-64/libexpat-2.6.2-h59595ed_0.conda
      - conda: https://conda.anaconda.org/conda-forge/linux-64/libffi-3.4.2-h7f98852_5.tar.bz2
      - conda: https://conda.anaconda.org/conda-forge/linux-64/libgcc-ng-14.1.0-h77fa898_0.conda
      - conda: https://conda.anaconda.org/conda-forge/linux-64/libgd-2.3.3-h119a65a_9.conda
      - conda: https://conda.anaconda.org/conda-forge/linux-64/libglib-2.80.3-h8a4344b_1.conda
      - conda: https://conda.anaconda.org/conda-forge/linux-64/libgomp-14.1.0-h77fa898_0.conda
      - conda: https://conda.anaconda.org/conda-forge/linux-64/libiconv-1.17-hd590300_2.conda
      - conda: https://conda.anaconda.org/conda-forge/linux-64/libjpeg-turbo-3.0.0-hd590300_1.conda
      - conda: https://conda.anaconda.org/conda-forge/linux-64/libpng-1.6.43-h2797004_0.conda
      - conda: https://conda.anaconda.org/conda-forge/linux-64/librsvg-2.58.2-h9564881_1.conda
      - conda: https://conda.anaconda.org/conda-forge/linux-64/libstdcxx-ng-14.1.0-hc0a3c3a_0.conda
      - conda: https://conda.anaconda.org/conda-forge/linux-64/libtiff-4.6.0-h1dd3fc0_3.conda
      - conda: https://conda.anaconda.org/conda-forge/linux-64/libuuid-2.38.1-h0b41bf4_0.conda
      - conda: https://conda.anaconda.org/conda-forge/linux-64/libwebp-1.4.0-h2c329e2_0.conda
      - conda: https://conda.anaconda.org/conda-forge/linux-64/libwebp-base-1.4.0-hd590300_0.conda
      - conda: https://conda.anaconda.org/conda-forge/linux-64/libxcb-1.16-hd590300_0.conda
      - conda: https://conda.anaconda.org/conda-forge/linux-64/libxml2-2.12.7-h4c95cb1_3.conda
      - conda: https://conda.anaconda.org/conda-forge/linux-64/libzlib-1.3.1-h4ab18f5_1.conda
      - conda: https://conda.anaconda.org/conda-forge/linux-64/pango-1.54.0-h4c5309f_1.conda
      - conda: https://conda.anaconda.org/conda-forge/linux-64/pcre2-10.44-h0f59acf_0.conda
      - conda: https://conda.anaconda.org/conda-forge/linux-64/pixman-0.43.2-h59595ed_0.conda
      - conda: https://conda.anaconda.org/conda-forge/linux-64/pthread-stubs-0.4-h36c2ea0_1001.tar.bz2
      - conda: https://conda.anaconda.org/conda-forge/linux-64/xorg-kbproto-1.0.7-h7f98852_1002.tar.bz2
      - conda: https://conda.anaconda.org/conda-forge/linux-64/xorg-libice-1.1.1-hd590300_0.conda
      - conda: https://conda.anaconda.org/conda-forge/linux-64/xorg-libsm-1.2.4-h7391055_0.conda
      - conda: https://conda.anaconda.org/conda-forge/linux-64/xorg-libx11-1.8.9-hb711507_1.conda
      - conda: https://conda.anaconda.org/conda-forge/linux-64/xorg-libxau-1.0.11-hd590300_0.conda
      - conda: https://conda.anaconda.org/conda-forge/linux-64/xorg-libxdmcp-1.1.3-h7f98852_0.tar.bz2
      - conda: https://conda.anaconda.org/conda-forge/linux-64/xorg-libxext-1.3.4-h0b41bf4_2.conda
      - conda: https://conda.anaconda.org/conda-forge/linux-64/xorg-libxrender-0.9.11-hd590300_0.conda
      - conda: https://conda.anaconda.org/conda-forge/linux-64/xorg-renderproto-0.11.1-h7f98852_1002.tar.bz2
      - conda: https://conda.anaconda.org/conda-forge/linux-64/xorg-xextproto-7.3.0-h0b41bf4_1003.conda
      - conda: https://conda.anaconda.org/conda-forge/linux-64/xorg-xproto-7.0.31-h7f98852_1007.tar.bz2
      - conda: https://conda.anaconda.org/conda-forge/linux-64/xz-5.2.6-h166bdaf_0.tar.bz2
      - conda: https://conda.anaconda.org/conda-forge/linux-64/zlib-1.3.1-h4ab18f5_1.conda
      - conda: https://conda.anaconda.org/conda-forge/linux-64/zstd-1.5.6-ha6fb4c9_0.conda
packages:
- kind: conda
  name: _libgcc_mutex
  version: '0.1'
  build: conda_forge
  subdir: linux-64
  url: https://conda.anaconda.org/conda-forge/linux-64/_libgcc_mutex-0.1-conda_forge.tar.bz2
  sha256: fe51de6107f9edc7aa4f786a70f4a883943bc9d39b3bb7307c04c41410990726
  md5: d7c89558ba9fa0495403155b64376d81
  license: None
  size: 2562
  timestamp: 1578324546067
- kind: conda
  name: _openmp_mutex
  version: '4.5'
  build: 2_gnu
  build_number: 16
  subdir: linux-64
  url: https://conda.anaconda.org/conda-forge/linux-64/_openmp_mutex-4.5-2_gnu.tar.bz2
  sha256: fbe2c5e56a653bebb982eda4876a9178aedfc2b545f25d0ce9c4c0b508253d22
  md5: 73aaf86a425cc6e73fcf236a5a46396d
  depends:
  - _libgcc_mutex 0.1 conda_forge
  - libgomp >=7.5.0
  constrains:
  - openmp_impl 9999
  license: BSD-3-Clause
  license_family: BSD
  size: 23621
  timestamp: 1650670423406
- kind: conda
  name: atk-1.0
  version: 2.38.0
  build: h04ea711_2
  build_number: 2
  subdir: linux-64
  url: https://conda.anaconda.org/conda-forge/linux-64/atk-1.0-2.38.0-h04ea711_2.conda
  sha256: df682395d05050cd1222740a42a551281210726a67447e5258968dd55854302e
  md5: f730d54ba9cd543666d7220c9f7ed563
  depends:
  - libgcc-ng >=12
  - libglib >=2.80.0,<3.0a0
  - libstdcxx-ng >=12
  constrains:
  - atk-1.0 2.38.0
  license: LGPL-2.0-or-later
  license_family: LGPL
  size: 355900
  timestamp: 1713896169874
- kind: conda
  name: bzip2
  version: 1.0.8
  build: h4bc722e_7
  build_number: 7
  subdir: linux-64
  url: https://conda.anaconda.org/conda-forge/linux-64/bzip2-1.0.8-h4bc722e_7.conda
  sha256: 5ced96500d945fb286c9c838e54fa759aa04a7129c59800f0846b4335cee770d
  md5: 62ee74e96c5ebb0af99386de58cf9553
  depends:
  - __glibc >=2.17,<3.0.a0
  - libgcc-ng >=12
  license: bzip2-1.0.6
  license_family: BSD
  size: 252783
  timestamp: 1720974456583
- kind: conda
  name: cairo
  version: 1.18.0
  build: hbb29018_2
  build_number: 2
  subdir: linux-64
  url: https://conda.anaconda.org/conda-forge/linux-64/cairo-1.18.0-hbb29018_2.conda
  sha256: 51cfaf4669ad83499b3da215b915c503d36faf6edf6db4681a70b5710842a86c
  md5: b6d90276c5aee9b4407dd94eb0cd40a8
  depends:
  - fontconfig >=2.14.2,<3.0a0
  - fonts-conda-ecosystem
  - freetype >=2.12.1,<3.0a0
  - icu >=73.2,<74.0a0
  - libgcc-ng >=12
  - libglib >=2.80.2,<3.0a0
  - libpng >=1.6.43,<1.7.0a0
  - libstdcxx-ng >=12
  - libxcb >=1.16,<1.17.0a0
  - libzlib >=1.3.1,<2.0a0
  - pixman >=0.43.2,<1.0a0
  - xorg-libice >=1.1.1,<2.0a0
  - xorg-libsm >=1.2.4,<2.0a0
  - xorg-libx11 >=1.8.9,<2.0a0
  - xorg-libxext >=1.3.4,<2.0a0
  - xorg-libxrender >=0.9.11,<0.10.0a0
  - zlib
  license: LGPL-2.1-only or MPL-1.1
  size: 984224
  timestamp: 1718985592664
- kind: conda
  name: expat
  version: 2.6.2
  build: h59595ed_0
  subdir: linux-64
  url: https://conda.anaconda.org/conda-forge/linux-64/expat-2.6.2-h59595ed_0.conda
  sha256: 89916c536ae5b85bb8bf0cfa27d751e274ea0911f04e4a928744735c14ef5155
  md5: 53fb86322bdb89496d7579fe3f02fd61
  depends:
  - libexpat 2.6.2 h59595ed_0
  - libgcc-ng >=12
  license: MIT
  license_family: MIT
  size: 137627
  timestamp: 1710362144873
- kind: conda
  name: font-ttf-dejavu-sans-mono
  version: '2.37'
  build: hab24e00_0
  subdir: noarch
  noarch: generic
  url: https://conda.anaconda.org/conda-forge/noarch/font-ttf-dejavu-sans-mono-2.37-hab24e00_0.tar.bz2
  sha256: 58d7f40d2940dd0a8aa28651239adbf5613254df0f75789919c4e6762054403b
  md5: 0c96522c6bdaed4b1566d11387caaf45
  license: BSD-3-Clause
  license_family: BSD
  size: 397370
  timestamp: 1566932522327
- kind: conda
  name: font-ttf-inconsolata
  version: '3.000'
  build: h77eed37_0
  subdir: noarch
  noarch: generic
  url: https://conda.anaconda.org/conda-forge/noarch/font-ttf-inconsolata-3.000-h77eed37_0.tar.bz2
  sha256: c52a29fdac682c20d252facc50f01e7c2e7ceac52aa9817aaf0bb83f7559ec5c
  md5: 34893075a5c9e55cdafac56607368fc6
  license: OFL-1.1
  license_family: Other
  size: 96530
  timestamp: 1620479909603
- kind: conda
  name: font-ttf-source-code-pro
  version: '2.038'
  build: h77eed37_0
  subdir: noarch
  noarch: generic
  url: https://conda.anaconda.org/conda-forge/noarch/font-ttf-source-code-pro-2.038-h77eed37_0.tar.bz2
  sha256: 00925c8c055a2275614b4d983e1df637245e19058d79fc7dd1a93b8d9fb4b139
  md5: 4d59c254e01d9cde7957100457e2d5fb
  license: OFL-1.1
  license_family: Other
  size: 700814
  timestamp: 1620479612257
- kind: conda
  name: font-ttf-ubuntu
  version: '0.83'
  build: h77eed37_2
  build_number: 2
  subdir: noarch
  noarch: generic
  url: https://conda.anaconda.org/conda-forge/noarch/font-ttf-ubuntu-0.83-h77eed37_2.conda
  sha256: c940f6e969143e13a3a9660abb3c7e7e23b8319efb29dbdd5dee0b9939236e13
  md5: cbbe59391138ea5ad3658c76912e147f
  license: LicenseRef-Ubuntu-Font-Licence-Version-1.0
  license_family: Other
  size: 1622566
  timestamp: 1714483134319
- kind: conda
  name: fontconfig
  version: 2.14.2
  build: h14ed4e7_0
  subdir: linux-64
  url: https://conda.anaconda.org/conda-forge/linux-64/fontconfig-2.14.2-h14ed4e7_0.conda
  sha256: 155d534c9037347ea7439a2c6da7c24ffec8e5dd278889b4c57274a1d91e0a83
  md5: 0f69b688f52ff6da70bccb7ff7001d1d
  depends:
  - expat >=2.5.0,<3.0a0
  - freetype >=2.12.1,<3.0a0
  - libgcc-ng >=12
  - libuuid >=2.32.1,<3.0a0
  - libzlib >=1.2.13,<2.0.0a0
  license: MIT
  license_family: MIT
  size: 272010
  timestamp: 1674828850194
- kind: conda
  name: fonts-conda-ecosystem
  version: '1'
  build: '0'
  subdir: noarch
  noarch: generic
  url: https://conda.anaconda.org/conda-forge/noarch/fonts-conda-ecosystem-1-0.tar.bz2
  sha256: a997f2f1921bb9c9d76e6fa2f6b408b7fa549edd349a77639c9fe7a23ea93e61
  md5: fee5683a3f04bd15cbd8318b096a27ab
  depends:
  - fonts-conda-forge
  license: BSD-3-Clause
  license_family: BSD
  size: 3667
  timestamp: 1566974674465
- kind: conda
  name: fonts-conda-forge
  version: '1'
  build: '0'
  subdir: noarch
  noarch: generic
  url: https://conda.anaconda.org/conda-forge/noarch/fonts-conda-forge-1-0.tar.bz2
  sha256: 53f23a3319466053818540bcdf2091f253cbdbab1e0e9ae7b9e509dcaa2a5e38
  md5: f766549260d6815b0c52253f1fb1bb29
  depends:
  - font-ttf-dejavu-sans-mono
  - font-ttf-inconsolata
  - font-ttf-source-code-pro
  - font-ttf-ubuntu
  license: BSD-3-Clause
  license_family: BSD
  size: 4102
  timestamp: 1566932280397
- kind: conda
  name: freetype
  version: 2.12.1
  build: h267a509_2
  build_number: 2
  subdir: linux-64
  url: https://conda.anaconda.org/conda-forge/linux-64/freetype-2.12.1-h267a509_2.conda
  sha256: b2e3c449ec9d907dd4656cb0dc93e140f447175b125a3824b31368b06c666bb6
  md5: 9ae35c3d96db2c94ce0cef86efdfa2cb
  depends:
  - libgcc-ng >=12
  - libpng >=1.6.39,<1.7.0a0
  - libzlib >=1.2.13,<2.0.0a0
  license: GPL-2.0-only OR FTL
  size: 634972
  timestamp: 1694615932610
- kind: conda
  name: fribidi
  version: 1.0.10
  build: h36c2ea0_0
  subdir: linux-64
  url: https://conda.anaconda.org/conda-forge/linux-64/fribidi-1.0.10-h36c2ea0_0.tar.bz2
  sha256: 5d7b6c0ee7743ba41399e9e05a58ccc1cfc903942e49ff6f677f6e423ea7a627
  md5: ac7bc6a654f8f41b352b38f4051135f8
  depends:
  - libgcc-ng >=7.5.0
  license: LGPL-2.1
  size: 114383
  timestamp: 1604416621168
- kind: conda
  name: gdk-pixbuf
  version: 2.42.12
  build: hb9ae30d_0
  subdir: linux-64
  url: https://conda.anaconda.org/conda-forge/linux-64/gdk-pixbuf-2.42.12-hb9ae30d_0.conda
  sha256: d5283b95a8d49dcd88d29b360d8b38694aaa905d968d156d72ab71d32b38facb
  md5: 201db6c2d9a3c5e46573ac4cb2e92f4f
  depends:
  - libgcc-ng >=12
  - libglib >=2.80.2,<3.0a0
  - libjpeg-turbo >=3.0.0,<4.0a0
  - libpng >=1.6.43,<1.7.0a0
  - libtiff >=4.6.0,<4.7.0a0
  license: LGPL-2.1-or-later
  license_family: LGPL
  size: 528149
  timestamp: 1715782983957
- kind: conda
  name: giflib
  version: 5.2.2
  build: hd590300_0
  subdir: linux-64
  url: https://conda.anaconda.org/conda-forge/linux-64/giflib-5.2.2-hd590300_0.conda
  sha256: aac402a8298f0c0cc528664249170372ef6b37ac39fdc92b40601a6aed1e32ff
  md5: 3bf7b9fd5a7136126e0234db4b87c8b6
  depends:
  - libgcc-ng >=12
  license: MIT
  license_family: MIT
  size: 77248
  timestamp: 1712692454246
- kind: conda
  name: graphite2
  version: 1.3.13
  build: h59595ed_1003
  build_number: 1003
  subdir: linux-64
  url: https://conda.anaconda.org/conda-forge/linux-64/graphite2-1.3.13-h59595ed_1003.conda
  sha256: 0595b009f20f8f60f13a6398e7cdcbd2acea5f986633adcf85f5a2283c992add
  md5: f87c7b7c2cb45f323ffbce941c78ab7c
  depends:
  - libgcc-ng >=12
  - libstdcxx-ng >=12
  license: LGPL-2.0-or-later
  license_family: LGPL
  size: 96855
  timestamp: 1711634169756
- kind: conda
  name: graphviz
  version: 11.0.0
  build: hc68bbd7_0
  subdir: linux-64
  url: https://conda.anaconda.org/conda-forge/linux-64/graphviz-11.0.0-hc68bbd7_0.conda
  sha256: 7e7ca0901c0d2de455718ec7a0974e2091c38e608f90a4ba98084e4902d93c17
  md5: 52a531ef95358086a56086c45d97ab75
  depends:
  - cairo >=1.18.0,<2.0a0
  - fonts-conda-ecosystem
  - gdk-pixbuf >=2.42.12,<3.0a0
  - gtk2
  - gts >=0.7.6,<0.8.0a0
  - libexpat >=2.6.2,<3.0a0
  - libgcc-ng >=12
  - libgd >=2.3.3,<2.4.0a0
  - libglib >=2.80.2,<3.0a0
  - librsvg >=2.58.0,<3.0a0
  - libstdcxx-ng >=12
  - libwebp-base >=1.4.0,<2.0a0
  - libzlib >=1.2.13,<2.0.0a0
  - pango >=1.50.14,<2.0a0
  license: EPL-1.0
  license_family: Other
  size: 2304422
  timestamp: 1716134196230
- kind: conda
  name: gtk2
  version: 2.24.33
  build: h6470451_5
  build_number: 5
  subdir: linux-64
  url: https://conda.anaconda.org/conda-forge/linux-64/gtk2-2.24.33-h6470451_5.conda
  sha256: 16644d036321b32635369c183502974c8b989fa516c313bd379f9aa4adcdf642
  md5: 1483ba046164be27df7f6eddbcec3a12
  depends:
  - __glibc >=2.17,<3.0.a0
  - atk-1.0 >=2.38.0
  - cairo >=1.18.0,<2.0a0
  - fontconfig >=2.14.2,<3.0a0
  - fonts-conda-ecosystem
  - freetype >=2.12.1,<3.0a0
  - gdk-pixbuf >=2.42.12,<3.0a0
  - harfbuzz >=9.0.0,<10.0a0
  - libgcc-ng >=12
  - libglib >=2.80.3,<3.0a0
  - pango >=1.54.0,<2.0a0
  - xorg-libx11 >=1.8.9,<2.0a0
  - xorg-libxext >=1.3.4,<2.0a0
  - xorg-libxrender >=0.9.11,<0.10.0a0
  license: LGPL-2.1-or-later
  size: 6501561
  timestamp: 1721285940408
- kind: conda
  name: gts
  version: 0.7.6
  build: h977cf35_4
  build_number: 4
  subdir: linux-64
  url: https://conda.anaconda.org/conda-forge/linux-64/gts-0.7.6-h977cf35_4.conda
  sha256: b5cd16262fefb836f69dc26d879b6508d29f8a5c5948a966c47fe99e2e19c99b
  md5: 4d8df0b0db060d33c9a702ada998a8fe
  depends:
  - libgcc-ng >=12
  - libglib >=2.76.3,<3.0a0
  - libstdcxx-ng >=12
  license: LGPL-2.0-or-later
  license_family: LGPL
  size: 318312
  timestamp: 1686545244763
- kind: conda
  name: harfbuzz
  version: 9.0.0
  build: hfac3d4d_0
  subdir: linux-64
  url: https://conda.anaconda.org/conda-forge/linux-64/harfbuzz-9.0.0-hfac3d4d_0.conda
  sha256: 5854e5ac2d3399ef30b59f15045c19fa5f0bab94d116bd75cac4d05181543dc3
  md5: c7b47c64af53e8ecee01d101eeab2342
  depends:
  - cairo >=1.18.0,<2.0a0
  - freetype >=2.12.1,<3.0a0
  - graphite2
  - icu >=73.2,<74.0a0
  - libgcc-ng >=12
  - libglib >=2.80.2,<3.0a0
  - libstdcxx-ng >=12
  license: MIT
  license_family: MIT
  size: 1590518
  timestamp: 1719579998295
- kind: conda
  name: icu
  version: '73.2'
  build: h59595ed_0
  subdir: linux-64
  url: https://conda.anaconda.org/conda-forge/linux-64/icu-73.2-h59595ed_0.conda
  sha256: e12fd90ef6601da2875ebc432452590bc82a893041473bc1c13ef29001a73ea8
  md5: cc47e1facc155f91abd89b11e48e72ff
  depends:
  - libgcc-ng >=12
  - libstdcxx-ng >=12
  license: MIT
  license_family: MIT
  size: 12089150
  timestamp: 1692900650789
- kind: conda
  name: lerc
  version: 4.0.0
  build: h27087fc_0
  subdir: linux-64
  url: https://conda.anaconda.org/conda-forge/linux-64/lerc-4.0.0-h27087fc_0.tar.bz2
  sha256: cb55f36dcd898203927133280ae1dc643368af041a48bcf7c026acb7c47b0c12
  md5: 76bbff344f0134279f225174e9064c8f
  depends:
  - libgcc-ng >=12
  - libstdcxx-ng >=12
  license: Apache-2.0
  license_family: Apache
  size: 281798
  timestamp: 1657977462600
- kind: conda
  name: libdeflate
  version: '1.20'
  build: hd590300_0
  subdir: linux-64
  url: https://conda.anaconda.org/conda-forge/linux-64/libdeflate-1.20-hd590300_0.conda
  sha256: f8e0f25c382b1d0b87a9b03887a34dbd91485453f1ea991fef726dba57373612
  md5: 8e88f9389f1165d7c0936fe40d9a9a79
  depends:
  - libgcc-ng >=12
  license: MIT
  license_family: MIT
  size: 71500
  timestamp: 1711196523408
- kind: conda
  name: libexpat
  version: 2.6.2
  build: h59595ed_0
  subdir: linux-64
  url: https://conda.anaconda.org/conda-forge/linux-64/libexpat-2.6.2-h59595ed_0.conda
  sha256: 331bb7c7c05025343ebd79f86ae612b9e1e74d2687b8f3179faec234f986ce19
  md5: e7ba12deb7020dd080c6c70e7b6f6a3d
  depends:
  - libgcc-ng >=12
  constrains:
  - expat 2.6.2.*
  license: MIT
  license_family: MIT
  size: 73730
  timestamp: 1710362120304
- kind: conda
  name: libffi
  version: 3.4.2
  build: h7f98852_5
  build_number: 5
  subdir: linux-64
  url: https://conda.anaconda.org/conda-forge/linux-64/libffi-3.4.2-h7f98852_5.tar.bz2
  sha256: ab6e9856c21709b7b517e940ae7028ae0737546122f83c2aa5d692860c3b149e
  md5: d645c6d2ac96843a2bfaccd2d62b3ac3
  depends:
  - libgcc-ng >=9.4.0
  license: MIT
  license_family: MIT
  size: 58292
  timestamp: 1636488182923
- kind: conda
  name: libgcc-ng
  version: 14.1.0
  build: h77fa898_0
  subdir: linux-64
  url: https://conda.anaconda.org/conda-forge/linux-64/libgcc-ng-14.1.0-h77fa898_0.conda
  sha256: b8e869ac96591cda2704bf7e77a301025e405227791a0bddf14a3dac65125538
  md5: ca0fad6a41ddaef54a153b78eccb5037
  depends:
  - _libgcc_mutex 0.1 conda_forge
  - _openmp_mutex >=4.5
  constrains:
  - libgomp 14.1.0 h77fa898_0
  license: GPL-3.0-only WITH GCC-exception-3.1
  license_family: GPL
  size: 842109
  timestamp: 1719538896937
- kind: conda
  name: libgd
  version: 2.3.3
  build: h119a65a_9
  build_number: 9
  subdir: linux-64
  url: https://conda.anaconda.org/conda-forge/linux-64/libgd-2.3.3-h119a65a_9.conda
  sha256: b74f95a6e1f3b31a74741b39cba83ed99fc82d17243c0fd3b5ab16ddd48ab89d
  md5: cfebc557e54905dadc355c0e9f003004
  depends:
  - expat
  - fontconfig >=2.14.2,<3.0a0
  - fonts-conda-ecosystem
  - freetype >=2.12.1,<3.0a0
  - icu >=73.2,<74.0a0
  - libexpat >=2.5.0,<3.0a0
  - libgcc-ng >=12
  - libjpeg-turbo >=3.0.0,<4.0a0
  - libpng >=1.6.39,<1.7.0a0
  - libtiff >=4.6.0,<4.7.0a0
  - libwebp
  - libwebp-base >=1.3.2,<2.0a0
  - libzlib >=1.2.13,<2.0.0a0
  - zlib
  license: GD
  license_family: BSD
  size: 224448
  timestamp: 1696160785971
- kind: conda
  name: libglib
  version: 2.80.3
  build: h8a4344b_1
  build_number: 1
  subdir: linux-64
  url: https://conda.anaconda.org/conda-forge/linux-64/libglib-2.80.3-h8a4344b_1.conda
  sha256: 5f5854a7cee117d115009d8f22a70d5f9e28f09cb6e453e8f1dd712e354ecec9
  md5: 6ea440297aacee4893f02ad759e6ffbc
  depends:
  - libffi >=3.4,<4.0a0
  - libgcc-ng >=12
  - libiconv >=1.17,<2.0a0
  - libzlib >=1.3.1,<2.0a0
  - pcre2 >=10.44,<10.45.0a0
  constrains:
  - glib 2.80.3 *_1
  license: LGPL-2.1-or-later
  size: 3886207
  timestamp: 1720334852370
- kind: conda
  name: libgomp
  version: 14.1.0
  build: h77fa898_0
  subdir: linux-64
  url: https://conda.anaconda.org/conda-forge/linux-64/libgomp-14.1.0-h77fa898_0.conda
  sha256: 7699df61a1f6c644b3576a40f54791561f2845983120477a16116b951c9cdb05
  md5: ae061a5ed5f05818acdf9adab72c146d
  depends:
  - _libgcc_mutex 0.1 conda_forge
  license: GPL-3.0-only WITH GCC-exception-3.1
  license_family: GPL
  size: 456925
  timestamp: 1719538796073
- kind: conda
  name: libiconv
  version: '1.17'
  build: hd590300_2
  build_number: 2
  subdir: linux-64
  url: https://conda.anaconda.org/conda-forge/linux-64/libiconv-1.17-hd590300_2.conda
  sha256: 8ac2f6a9f186e76539439e50505d98581472fedb347a20e7d1f36429849f05c9
  md5: d66573916ffcf376178462f1b61c941e
  depends:
  - libgcc-ng >=12
  license: LGPL-2.1-only
  size: 705775
  timestamp: 1702682170569
- kind: conda
  name: libjpeg-turbo
  version: 3.0.0
  build: hd590300_1
  build_number: 1
  subdir: linux-64
  url: https://conda.anaconda.org/conda-forge/linux-64/libjpeg-turbo-3.0.0-hd590300_1.conda
  sha256: b954e09b7e49c2f2433d6f3bb73868eda5e378278b0f8c1dd10a7ef090e14f2f
  md5: ea25936bb4080d843790b586850f82b8
  depends:
  - libgcc-ng >=12
  constrains:
  - jpeg <0.0.0a
  license: IJG AND BSD-3-Clause AND Zlib
  size: 618575
  timestamp: 1694474974816
- kind: conda
  name: libpng
  version: 1.6.43
  build: h2797004_0
  subdir: linux-64
  url: https://conda.anaconda.org/conda-forge/linux-64/libpng-1.6.43-h2797004_0.conda
  sha256: 502f6ff148ac2777cc55ae4ade01a8fc3543b4ffab25c4e0eaa15f94e90dd997
  md5: 009981dd9cfcaa4dbfa25ffaed86bcae
  depends:
  - libgcc-ng >=12
  - libzlib >=1.2.13,<2.0.0a0
  license: zlib-acknowledgement
  size: 288221
  timestamp: 1708780443939
- kind: conda
  name: librsvg
  version: 2.58.2
  build: h9564881_1
  build_number: 1
  subdir: linux-64
  url: https://conda.anaconda.org/conda-forge/linux-64/librsvg-2.58.2-h9564881_1.conda
  sha256: 74221fe0218f537dfd1db9c451e81d0fed7df6b3128a46e6b0dc493db02f332d
  md5: c6a47e6f551890e82e92e4c1b84be353
  depends:
  - __glibc >=2.17,<3.0.a0
  - cairo >=1.18.0,<2.0a0
  - freetype >=2.12.1,<3.0a0
  - gdk-pixbuf >=2.42.12,<3.0a0
  - harfbuzz >=9.0.0,<10.0a0
  - libgcc-ng >=12
  - libglib >=2.80.3,<3.0a0
  - libpng >=1.6.43,<1.7.0a0
  - libxml2 >=2.12.7,<3.0a0
  - pango >=1.54.0,<2.0a0
  constrains:
  - __glibc >=2.17
  license: LGPL-2.1-or-later
  size: 5910543
  timestamp: 1721285771293
- kind: conda
  name: libstdcxx-ng
  version: 14.1.0
  build: hc0a3c3a_0
  subdir: linux-64
  url: https://conda.anaconda.org/conda-forge/linux-64/libstdcxx-ng-14.1.0-hc0a3c3a_0.conda
  sha256: 88c42b388202ffe16adaa337e36cf5022c63cf09b0405cf06fc6aeacccbe6146
  md5: 1cb187a157136398ddbaae90713e2498
  depends:
  - libgcc-ng 14.1.0 h77fa898_0
  license: GPL-3.0-only WITH GCC-exception-3.1
  license_family: GPL
  size: 3881307
  timestamp: 1719538923443
- kind: conda
  name: libtiff
  version: 4.6.0
  build: h1dd3fc0_3
  build_number: 3
  subdir: linux-64
  url: https://conda.anaconda.org/conda-forge/linux-64/libtiff-4.6.0-h1dd3fc0_3.conda
  sha256: fc3b210f9584a92793c07396cb93e72265ff3f1fa7ca629128bf0a50d5cb15e4
  md5: 66f03896ffbe1a110ffda05c7a856504
  depends:
  - lerc >=4.0.0,<5.0a0
  - libdeflate >=1.20,<1.21.0a0
  - libgcc-ng >=12
  - libjpeg-turbo >=3.0.0,<4.0a0
  - libstdcxx-ng >=12
  - libwebp-base >=1.3.2,<2.0a0
  - libzlib >=1.2.13,<2.0.0a0
  - xz >=5.2.6,<6.0a0
  - zstd >=1.5.5,<1.6.0a0
  license: HPND
  size: 282688
  timestamp: 1711217970425
- kind: conda
  name: libuuid
  version: 2.38.1
  build: h0b41bf4_0
  subdir: linux-64
  url: https://conda.anaconda.org/conda-forge/linux-64/libuuid-2.38.1-h0b41bf4_0.conda
  sha256: 787eb542f055a2b3de553614b25f09eefb0a0931b0c87dbcce6efdfd92f04f18
  md5: 40b61aab5c7ba9ff276c41cfffe6b80b
  depends:
  - libgcc-ng >=12
  license: BSD-3-Clause
  license_family: BSD
  size: 33601
  timestamp: 1680112270483
- kind: conda
  name: libwebp
  version: 1.4.0
  build: h2c329e2_0
  subdir: linux-64
  url: https://conda.anaconda.org/conda-forge/linux-64/libwebp-1.4.0-h2c329e2_0.conda
  sha256: bd45805b169e3e0ff166d360c3c4842d77107d28c8f9feba020a8e8b9c80f948
  md5: 80030debaa84cfc31755d53742df3ca6
  depends:
  - giflib >=5.2.2,<5.3.0a0
  - libgcc-ng >=12
  - libjpeg-turbo >=3.0.0,<4.0a0
  - libpng >=1.6.43,<1.7.0a0
  - libtiff >=4.6.0,<4.7.0a0
  - libwebp-base 1.4.0.*
  - libwebp-base >=1.4.0,<2.0a0
  license: BSD-3-Clause
  license_family: BSD
  size: 91941
  timestamp: 1714599671055
- kind: conda
  name: libwebp-base
  version: 1.4.0
  build: hd590300_0
  subdir: linux-64
  url: https://conda.anaconda.org/conda-forge/linux-64/libwebp-base-1.4.0-hd590300_0.conda
  sha256: 49bc5f6b1e11cb2babf2a2a731d1a680a5e08a858280876a779dbda06c78c35f
  md5: b26e8aa824079e1be0294e7152ca4559
  depends:
  - libgcc-ng >=12
  constrains:
  - libwebp 1.4.0
  license: BSD-3-Clause
  license_family: BSD
  size: 438953
  timestamp: 1713199854503
- kind: conda
  name: libxcb
  version: '1.16'
  build: hd590300_0
  subdir: linux-64
  url: https://conda.anaconda.org/conda-forge/linux-64/libxcb-1.16-hd590300_0.conda
  sha256: 7180375f37fd264bb50672a63da94536d4abd81ccec059e932728ae056324b3a
  md5: 151cba22b85a989c2d6ef9633ffee1e4
  depends:
  - libgcc-ng >=12
  - pthread-stubs
  - xorg-libxau >=1.0.11,<2.0a0
  - xorg-libxdmcp
  license: MIT
  license_family: MIT
  size: 394932
  timestamp: 1693088990429
- kind: conda
  name: libxml2
  version: 2.12.7
  build: h4c95cb1_3
  build_number: 3
  subdir: linux-64
  url: https://conda.anaconda.org/conda-forge/linux-64/libxml2-2.12.7-h4c95cb1_3.conda
  sha256: 11a346aed187405a7d3710a79b815fd66ff80fec3b9b7f840a24531324742acf
  md5: 0ac9aff6010a7751961c8e4b863a40e7
  depends:
  - __glibc >=2.17,<3.0.a0
  - icu >=73.2,<74.0a0
  - libgcc-ng >=12
  - libiconv >=1.17,<2.0a0
  - libzlib >=1.3.1,<2.0a0
  - xz >=5.2.6,<6.0a0
  license: MIT
  license_family: MIT
  size: 705701
  timestamp: 1720772684071
- kind: conda
  name: libzlib
  version: 1.3.1
  build: h4ab18f5_1
  build_number: 1
  subdir: linux-64
  url: https://conda.anaconda.org/conda-forge/linux-64/libzlib-1.3.1-h4ab18f5_1.conda
  sha256: adf6096f98b537a11ae3729eaa642b0811478f0ea0402ca67b5108fe2cb0010d
  md5: 57d7dc60e9325e3de37ff8dffd18e814
  depends:
  - libgcc-ng >=12
  constrains:
  - zlib 1.3.1 *_1
  license: Zlib
  license_family: Other
  size: 61574
  timestamp: 1716874187109
- kind: conda
  name: pango
  version: 1.54.0
  build: h4c5309f_1
  build_number: 1
  subdir: linux-64
  url: https://conda.anaconda.org/conda-forge/linux-64/pango-1.54.0-h4c5309f_1.conda
  sha256: d362237be82d5a0d532fe66ec8d68018c3b2a9705bad6d73c2b63dae2970da02
  md5: 7df02e445367703cd87a574046e3a6f0
  depends:
  - cairo >=1.18.0,<2.0a0
  - fontconfig >=2.14.2,<3.0a0
  - fonts-conda-ecosystem
  - freetype >=2.12.1,<3.0a0
  - fribidi >=1.0.10,<2.0a0
  - harfbuzz >=9.0.0,<10.0a0
  - libgcc-ng >=12
  - libglib >=2.80.2,<3.0a0
  - libpng >=1.6.43,<1.7.0a0
  license: LGPL-2.1-or-later
  size: 447117
  timestamp: 1719839527713
- kind: conda
  name: pcre2
  version: '10.44'
  build: h0f59acf_0
  subdir: linux-64
  url: https://conda.anaconda.org/conda-forge/linux-64/pcre2-10.44-h0f59acf_0.conda
  sha256: 90646ad0d8f9d0fd896170c4f3d754e88c4ba0eaf856c24d00842016f644baab
  md5: 3914f7ac1761dce57102c72ca7c35d01
  depends:
  - bzip2 >=1.0.8,<2.0a0
  - libgcc-ng >=12
  - libzlib >=1.3.1,<2.0a0
  license: BSD-3-Clause
  license_family: BSD
  size: 955778
  timestamp: 1718466128333
- kind: conda
  name: pixman
  version: 0.43.2
  build: h59595ed_0
  subdir: linux-64
  url: https://conda.anaconda.org/conda-forge/linux-64/pixman-0.43.2-h59595ed_0.conda
  sha256: 366d28e2a0a191d6c535e234741e0cd1d94d713f76073d8af4a5ccb2a266121e
  md5: 71004cbf7924e19c02746ccde9fd7123
  depends:
  - libgcc-ng >=12
  - libstdcxx-ng >=12
  license: MIT
  license_family: MIT
  size: 386826
  timestamp: 1706549500138
- kind: conda
  name: pthread-stubs
  version: '0.4'
  build: h36c2ea0_1001
  build_number: 1001
  subdir: linux-64
  url: https://conda.anaconda.org/conda-forge/linux-64/pthread-stubs-0.4-h36c2ea0_1001.tar.bz2
  sha256: 67c84822f87b641d89df09758da498b2d4558d47b920fd1d3fe6d3a871e000ff
  md5: 22dad4df6e8630e8dff2428f6f6a7036
  depends:
  - libgcc-ng >=7.5.0
  license: MIT
  license_family: MIT
  size: 5625
  timestamp: 1606147468727
- kind: conda
  name: xorg-kbproto
  version: 1.0.7
  build: h7f98852_1002
  build_number: 1002
  subdir: linux-64
  url: https://conda.anaconda.org/conda-forge/linux-64/xorg-kbproto-1.0.7-h7f98852_1002.tar.bz2
  sha256: e90b0a6a5d41776f11add74aa030f789faf4efd3875c31964d6f9cfa63a10dd1
  md5: 4b230e8381279d76131116660f5a241a
  depends:
  - libgcc-ng >=9.3.0
  license: MIT
  license_family: MIT
  size: 27338
  timestamp: 1610027759842
- kind: conda
  name: xorg-libice
  version: 1.1.1
  build: hd590300_0
  subdir: linux-64
  url: https://conda.anaconda.org/conda-forge/linux-64/xorg-libice-1.1.1-hd590300_0.conda
  sha256: 5aa9b3682285bb2bf1a8adc064cb63aff76ef9178769740d855abb42b0d24236
  md5: b462a33c0be1421532f28bfe8f4a7514
  depends:
  - libgcc-ng >=12
  license: MIT
  license_family: MIT
  size: 58469
  timestamp: 1685307573114
- kind: conda
  name: xorg-libsm
  version: 1.2.4
  build: h7391055_0
  subdir: linux-64
  url: https://conda.anaconda.org/conda-forge/linux-64/xorg-libsm-1.2.4-h7391055_0.conda
  sha256: 089ad5f0453c604e18985480218a84b27009e9e6de9a0fa5f4a20b8778ede1f1
  md5: 93ee23f12bc2e684548181256edd2cf6
  depends:
  - libgcc-ng >=12
  - libuuid >=2.38.1,<3.0a0
  - xorg-libice >=1.1.1,<2.0a0
  license: MIT
  license_family: MIT
  size: 27433
  timestamp: 1685453649160
- kind: conda
  name: xorg-libx11
  version: 1.8.9
  build: hb711507_1
  build_number: 1
  subdir: linux-64
  url: https://conda.anaconda.org/conda-forge/linux-64/xorg-libx11-1.8.9-hb711507_1.conda
  sha256: 66eabe62b66c1597c4a755dcd3f4ce2c78adaf7b32e25dfee45504d67d7735c1
  md5: 4a6d410296d7e39f00bacdee7df046e9
  depends:
  - libgcc-ng >=12
  - libxcb >=1.16,<1.17.0a0
  - xorg-kbproto
  - xorg-xextproto >=7.3.0,<8.0a0
  - xorg-xproto
  license: MIT
  license_family: MIT
  size: 832198
  timestamp: 1718846846409
- kind: conda
  name: xorg-libxau
  version: 1.0.11
  build: hd590300_0
  subdir: linux-64
  url: https://conda.anaconda.org/conda-forge/linux-64/xorg-libxau-1.0.11-hd590300_0.conda
  sha256: 309751371d525ce50af7c87811b435c176915239fc9e132b99a25d5e1703f2d4
  md5: 2c80dc38fface310c9bd81b17037fee5
  depends:
  - libgcc-ng >=12
  license: MIT
  license_family: MIT
  size: 14468
  timestamp: 1684637984591
- kind: conda
  name: xorg-libxdmcp
  version: 1.1.3
  build: h7f98852_0
  subdir: linux-64
  url: https://conda.anaconda.org/conda-forge/linux-64/xorg-libxdmcp-1.1.3-h7f98852_0.tar.bz2
  sha256: 4df7c5ee11b8686d3453e7f3f4aa20ceef441262b49860733066c52cfd0e4a77
  md5: be93aabceefa2fac576e971aef407908
  depends:
  - libgcc-ng >=9.3.0
  license: MIT
  license_family: MIT
  size: 19126
  timestamp: 1610071769228
- kind: conda
  name: xorg-libxext
  version: 1.3.4
  build: h0b41bf4_2
  build_number: 2
  subdir: linux-64
  url: https://conda.anaconda.org/conda-forge/linux-64/xorg-libxext-1.3.4-h0b41bf4_2.conda
  sha256: 73e5cfbdff41ef8a844441f884412aa5a585a0f0632ec901da035a03e1fe1249
  md5: 82b6df12252e6f32402b96dacc656fec
  depends:
  - libgcc-ng >=12
  - xorg-libx11 >=1.7.2,<2.0a0
  - xorg-xextproto
  license: MIT
  license_family: MIT
  size: 50143
  timestamp: 1677036907815
- kind: conda
  name: xorg-libxrender
  version: 0.9.11
  build: hd590300_0
  subdir: linux-64
  url: https://conda.anaconda.org/conda-forge/linux-64/xorg-libxrender-0.9.11-hd590300_0.conda
  sha256: 26da4d1911473c965c32ce2b4ff7572349719eaacb88a066db8d968a4132c3f7
  md5: ed67c36f215b310412b2af935bf3e530
  depends:
  - libgcc-ng >=12
  - xorg-libx11 >=1.8.6,<2.0a0
  - xorg-renderproto
  license: MIT
  license_family: MIT
  size: 37770
  timestamp: 1688300707994
- kind: conda
  name: xorg-renderproto
  version: 0.11.1
  build: h7f98852_1002
  build_number: 1002
  subdir: linux-64
  url: https://conda.anaconda.org/conda-forge/linux-64/xorg-renderproto-0.11.1-h7f98852_1002.tar.bz2
  sha256: 38942930f233d1898594dd9edf4b0c0786f3dbc12065a0c308634c37fd936034
  md5: 06feff3d2634e3097ce2fe681474b534
  depends:
  - libgcc-ng >=9.3.0
  license: MIT
  license_family: MIT
  size: 9621
  timestamp: 1614866326326
- kind: conda
  name: xorg-xextproto
  version: 7.3.0
  build: h0b41bf4_1003
  build_number: 1003
  subdir: linux-64
  url: https://conda.anaconda.org/conda-forge/linux-64/xorg-xextproto-7.3.0-h0b41bf4_1003.conda
  sha256: b8dda3b560e8a7830fe23be1c58cc41f407b2e20ae2f3b6901eb5842ba62b743
  md5: bce9f945da8ad2ae9b1d7165a64d0f87
  depends:
  - libgcc-ng >=12
  license: MIT
  license_family: MIT
  size: 30270
  timestamp: 1677036833037
- kind: conda
  name: xorg-xproto
  version: 7.0.31
  build: h7f98852_1007
  build_number: 1007
  subdir: linux-64
  url: https://conda.anaconda.org/conda-forge/linux-64/xorg-xproto-7.0.31-h7f98852_1007.tar.bz2
  sha256: f197bb742a17c78234c24605ad1fe2d88b1d25f332b75d73e5ba8cf8fbc2a10d
  md5: b4a4381d54784606820704f7b5f05a15
  depends:
  - libgcc-ng >=9.3.0
  license: MIT
  license_family: MIT
  size: 74922
  timestamp: 1607291557628
- kind: conda
  name: xz
  version: 5.2.6
  build: h166bdaf_0
  subdir: linux-64
  url: https://conda.anaconda.org/conda-forge/linux-64/xz-5.2.6-h166bdaf_0.tar.bz2
  sha256: 03a6d28ded42af8a347345f82f3eebdd6807a08526d47899a42d62d319609162
  md5: 2161070d867d1b1204ea749c8eec4ef0
  depends:
  - libgcc-ng >=12
  license: LGPL-2.1 and GPL-2.0
  size: 418368
  timestamp: 1660346797927
- kind: conda
  name: zlib
  version: 1.3.1
  build: h4ab18f5_1
  build_number: 1
  subdir: linux-64
  url: https://conda.anaconda.org/conda-forge/linux-64/zlib-1.3.1-h4ab18f5_1.conda
  sha256: cee16ab07a11303de721915f0a269e8c7a54a5c834aa52f74b1cc3a59000ade8
  md5: 9653f1bf3766164d0e65fa723cabbc54
  depends:
  - libgcc-ng >=12
  - libzlib 1.3.1 h4ab18f5_1
  license: Zlib
  license_family: Other
  size: 93004
  timestamp: 1716874213487
- kind: conda
  name: zstd
  version: 1.5.6
  build: ha6fb4c9_0
  subdir: linux-64
  url: https://conda.anaconda.org/conda-forge/linux-64/zstd-1.5.6-ha6fb4c9_0.conda
  sha256: c558b9cc01d9c1444031bd1ce4b9cff86f9085765f17627a6cd85fc623c8a02b
  md5: 4d056880988120e29d75bfff282e0f45
  depends:
  - libgcc-ng >=12
  - libstdcxx-ng >=12
  - libzlib >=1.2.13,<2.0.0a0
  license: BSD-3-Clause
  license_family: BSD
  size: 554846
  timestamp: 1714722996770
